
Microsoft Visual Studio Solution File, Format Version 12.00
# Visual Studio Version 17
VisualStudioVersion = 17.6.33829.357
MinimumVisualStudioVersion = 10.0.40219.1
Project("{FAE04EC0-301F-11D3-BF4B-00C04F79EFBC}") = "ShoppingWeb", "ShoppingWeb\ShoppingWeb.csproj", "{0A4DC57D-62E0-4CB4-912E-FACCC94C1CD0}"
EndProject
Global
	GlobalSection(SolutionConfigurationPlatforms) = preSolution
		Debug|Any CPU = Debug|Any CPU
		Release|Any CPU = Release|Any CPU
	EndGlobalSection
	GlobalSection(ProjectConfigurationPlatforms) = postSolution
		{0A4DC57D-62E0-4CB4-912E-FACCC94C1CD0}.Debug|Any CPU.ActiveCfg = Debug|Any CPU
		{0A4DC57D-62E0-4CB4-912E-FACCC94C1CD0}.Debug|Any CPU.Build.0 = Debug|Any CPU
		{0A4DC57D-62E0-4CB4-912E-FACCC94C1CD0}.Release|Any CPU.ActiveCfg = Release|Any CPU
		{0A4DC57D-62E0-4CB4-912E-FACCC94C1CD0}.Release|Any CPU.Build.0 = Release|Any CPU
	EndGlobalSection
	GlobalSection(SolutionProperties) = preSolution
		HideSolutionNode = FALSE
	EndGlobalSection
	GlobalSection(ExtensibilityGlobals) = postSolution
		SolutionGuid = {7A618E21-AAE6-47C8-BE9B-D52E13049BDF}
	EndGlobalSection
EndGlobal
